
Microsoft Visual Studio Solution File, Format Version 12.00
Project("{8BC9CEB8-8B4A-11D0-8D11-00A0C91BC942}") = "DirectX11", "DirectX11\DirectX11.vcxproj", "{A244351F-4251-4DE0-9665-8D5ABFA86D26}"
EndProject
Global
	GlobalSection(SolutionConfigurationPlatforms) = preSolution
		Debug|Any CPU = Debug|Any CPU
		Release|Any CPU = Release|Any CPU
	EndGlobalSection
	GlobalSection(ProjectConfigurationPlatforms) = postSolution
		{A244351F-4251-4DE0-9665-8D5ABFA86D26}.Debug|Any CPU.ActiveCfg = Debug|Win32
		{A244351F-4251-4DE0-9665-8D5ABFA86D26}.Debug|Any CPU.Build.0 = Debug|Win32
		{A244351F-4251-4DE0-9665-8D5ABFA86D26}.Release|Any CPU.ActiveCfg = Release|Win32
		{A244351F-4251-4DE0-9665-8D5ABFA86D26}.Release|Any CPU.Build.0 = Release|Win32
	EndGlobalSection
EndGlobal
