<?xml version="1.0" encoding="utf-8"?>
<Project ToolsVersion="4.0" xmlns="http://schemas.microsoft.com/developer/msbuild/2003">
  <ItemGroup>
    <Filter Include="Assets">
      <UniqueIdentifier>c5d87a33-b07c-4b4d-8833-5244b0775427</UniqueIdentifier>
      <Extensions>ico;cur;bmp;dds;dlg;fbx;rct;bin;rgs;gif;jpg;jpeg;jpe;resx;tga;tiff;tif;png;wav;mfcribbon-ms</Extensions>
    </Filter>
  </ItemGroup>
  <ItemGroup>
    <ClInclude Include="graphics\ConstantBuffer.h" />
    <ClInclude Include="graphics\Drawable.h" />
    <ClInclude Include="graphics\IBindable.h" />
    <ClInclude Include="graphics\Graphics.h" />
    <ClInclude Include="graphics\IndexBuffer.h" />
    <ClInclude Include="graphics\InputLayout.h" />
    <ClInclude Include="graphics\IRenderingContext.h" />
    <ClInclude Include="graphics\RenderingSharedResources.h" />
    <ClInclude Include="graphics\Shader.h" />
    <ClInclude Include="graphics\TransformationBuffer.h" />
    <ClInclude Include="graphics\TransformUtils.h" />
    <ClInclude Include="graphics\VertexBuffer.h" />
    <ClInclude Include="src\AssetUtils.h" />
    <ClInclude Include="src\Box.h" />
    <ClInclude Include="src\Core.h" />
    <ClInclude Include="src\Entity.h" />
    <ClInclude Include="src\ErrorHandling.h" />
    <ClInclude Include="src\Game.h" />
    <ClInclude Include="src\GioColor.h" />
    <ClInclude Include="src\GioMesh.h" />
    <ClInclude Include="src\GioTransform.h" />
    <ClInclude Include="src\GioVector.h" />
    <ClInclude Include="src\Monkey.h" />
    <ClInclude Include="src\pch.h" />
    <ClInclude Include="src\StepTimer.h" />
  </ItemGroup>
  <ItemGroup>
    <ClCompile Include="graphics\ConstantBuffer.cpp" />
    <ClCompile Include="graphics\Drawable.cpp" />
    <ClCompile Include="graphics\IBindable.cpp" />
    <ClCompile Include="graphics\Graphics.cpp" />
    <ClCompile Include="graphics\IndexBuffer.cpp" />
    <ClCompile Include="graphics\InputLayout.cpp" />
    <ClCompile Include="graphics\IRenderingContext.cpp" />
    <ClCompile Include="graphics\RenderingSharedResources.cpp" />
    <ClCompile Include="graphics\Shader.cpp" />
    <ClCompile Include="graphics\TransformationBuffer.cpp" />
    <ClCompile Include="graphics\TransformUtils.cpp" />
    <ClCompile Include="graphics\VertexBuffer.cpp" />
    <ClCompile Include="src\AssetUtils.cpp" />
    <ClCompile Include="src\Box.cpp" />
    <ClCompile Include="src\Entity.cpp" />
    <ClCompile Include="src\ErrorHandling.cpp" />
    <ClCompile Include="src\Game.cpp" />
    <ClCompile Include="src\GioColor.cpp" />
    <ClCompile Include="src\GioMesh.cpp" />
    <ClCompile Include="src\GioTransform.cpp" />
    <ClCompile Include="src\GioVector.cpp" />
    <ClCompile Include="src\Main.cpp" />
    <ClCompile Include="src\Monkey.cpp" />
    <ClCompile Include="src\pch.cpp" />
  </ItemGroup>
  <ItemGroup>
    <ResourceCompile Include="resource.rc" />
  </ItemGroup>
  <ItemGroup>
    <Image Include="directx.ico">
      <Filter>Assets</Filter>
    </Image>
  </ItemGroup>
  <ItemGroup>
    <Manifest Include="settings.manifest">
      <Filter>Assets</Filter>
    </Manifest>
  </ItemGroup>
  <ItemGroup>
    <FxCompile Include="shaders\VertexShader.hlsl" />
    <FxCompile Include="shaders\PixelShader.hlsl" />
  </ItemGroup>
  <ItemGroup>
    <None Include="packages.config" />
  </ItemGroup>
</Project>